
Microsoft Visual Studio Solution File, Format Version 12.00
# Visual Studio 15
VisualStudioVersion = 15.0.26430.6
MinimumVisualStudioVersion = 10.0.40219.1
Project("{FAE04EC0-301F-11D3-BF4B-00C04F79EFBC}") = "Isomorphism", "Isomorphism.csproj", "{7179F79B-DE8A-407E-87E9-4EA3BD79C9BF}"
EndProject
Global
	GlobalSection(SolutionConfigurationPlatforms) = preSolution
		Debug|Any CPU = Debug|Any CPU
		Release|Any CPU = Release|Any CPU
	EndGlobalSection
	GlobalSection(ProjectConfigurationPlatforms) = postSolution
		{7179F79B-DE8A-407E-87E9-4EA3BD79C9BF}.Debug|Any CPU.ActiveCfg = Debug|Any CPU
		{7179F79B-DE8A-407E-87E9-4EA3BD79C9BF}.Debug|Any CPU.Build.0 = Debug|Any CPU
		{7179F79B-DE8A-407E-87E9-4EA3BD79C9BF}.Release|Any CPU.ActiveCfg = Release|Any CPU
		{7179F79B-DE8A-407E-87E9-4EA3BD79C9BF}.Release|Any CPU.Build.0 = Release|Any CPU
	EndGlobalSection
	GlobalSection(SolutionProperties) = preSolution
		HideSolutionNode = FALSE
	EndGlobalSection
EndGlobal
